
Microsoft Visual Studio Solution File, Format Version 12.00
# Visual Studio Version 17
VisualStudioVersion = 17.1.32414.318
MinimumVisualStudioVersion = 10.0.40219.1
Project("{FAE04EC0-301F-11D3-BF4B-00C04F79EFBC}") = "TCPClient", "TCPClient\TCPClient.csproj", "{00763F6B-E548-42E5-BB3D-241EB3D544F7}"
EndProject
Project("{FAE04EC0-301F-11D3-BF4B-00C04F79EFBC}") = "TCPServer", "TCPServer\TCPServer.csproj", "{255BB6D3-6311-486A-B502-648D03F45825}"
EndProject
Global
	GlobalSection(SolutionConfigurationPlatforms) = preSolution
		Debug|Any CPU = Debug|Any CPU
		Release|Any CPU = Release|Any CPU
	EndGlobalSection
	GlobalSection(ProjectConfigurationPlatforms) = postSolution
		{00763F6B-E548-42E5-BB3D-241EB3D544F7}.Debug|Any CPU.ActiveCfg = Debug|Any CPU
		{00763F6B-E548-42E5-BB3D-241EB3D544F7}.Debug|Any CPU.Build.0 = Debug|Any CPU
		{00763F6B-E548-42E5-BB3D-241EB3D544F7}.Release|Any CPU.ActiveCfg = Release|Any CPU
		{00763F6B-E548-42E5-BB3D-241EB3D544F7}.Release|Any CPU.Build.0 = Release|Any CPU
		{255BB6D3-6311-486A-B502-648D03F45825}.Debug|Any CPU.ActiveCfg = Debug|Any CPU
		{255BB6D3-6311-486A-B502-648D03F45825}.Debug|Any CPU.Build.0 = Debug|Any CPU
		{255BB6D3-6311-486A-B502-648D03F45825}.Release|Any CPU.ActiveCfg = Release|Any CPU
		{255BB6D3-6311-486A-B502-648D03F45825}.Release|Any CPU.Build.0 = Release|Any CPU
	EndGlobalSection
	GlobalSection(SolutionProperties) = preSolution
		HideSolutionNode = FALSE
	EndGlobalSection
	GlobalSection(ExtensibilityGlobals) = postSolution
		SolutionGuid = {4A294253-8F9E-4823-83AE-1BC96D123B09}
	EndGlobalSection
EndGlobal
